schema: '2.0'
stages:
  download:
    cmd: stages/01_download.sh
    deps:
    - path: stages/01_download.sh
      hash: md5
      md5: 8842622eb5e6f9096ad5a9515af54c87
      size: 524
    outs:
    - path: download
      hash: md5
      md5: 44536fbd472e4d8083abe7e5387e728e.dir
      size: 6254161
      nfiles: 1
  build:
    cmd: stages/02_build.sh
    deps:
    - path: download
      hash: md5
      md5: 44536fbd472e4d8083abe7e5387e728e.dir
      size: 6254161
      nfiles: 1
    - path: stages/02_build.sh
      hash: md5
      md5: 8557c609f028daed18c294b9062cf761
      size: 368
    - path: stages/cpanfile
      hash: md5
      md5: 51c39f21801bb4b39d2ac02f770b9f38
      size: 671
    - path: stages/csv-to-rdf.pl
      hash: md5
      md5: ff723a015cea09aacf5953ce9a5151fb
      size: 4720
    outs:
    - path: raw
      hash: md5
      md5: 34162fbaad15ce7782b531c2558f1058.dir
      size: 10283328
      nfiles: 1
  brick:
    cmd: stages/03_hdt.sh
    deps:
    - path: raw
      hash: md5
      md5: 34162fbaad15ce7782b531c2558f1058.dir
      size: 10283328
      nfiles: 1
    - path: stages/03_hdt.sh
      hash: md5
      md5: 9654d267ada89cb6322234bb5c3e6e38
      size: 390
    outs:
    - path: brick
      hash: md5
      md5: da2ca8caf8aeea5f8813505c2974e2c8.dir
      size: 1478444
      nfiles: 2
